
Microsoft Visual Studio Solution File, Format Version 12.00
# Visual Studio Version 17
VisualStudioVersion = 17.14.36616.10
MinimumVisualStudioVersion = 10.0.40219.1
Project("{2150E333-8FDC-42A3-9474-1A3956D46DE8}") = "Solution Items", "Solution Items", "{CAA9A7F2-AD2E-4051-BD5F-A94BDC2C507C}"
	ProjectSection(SolutionItems) = preProject
		.gitignore = .gitignore
		Build\Build.Configuration.cs = Build\Build.Configuration.cs
		Changelog.md = Changelog.md
		Directory.Build.props = Directory.Build.props
		Directory.Packages.props = Directory.Packages.props
		License.md = License.md
		Readme.md = Readme.md
	EndProjectSection
EndProject
Project("{2150E333-8FDC-42A3-9474-1A3956D46DE8}") = "Automation", "Automation", "{9ADCE8AE-630B-42E5-856D-A43FC68C9DD8}"
EndProject
Project("{FAE04EC0-301F-11D3-BF4B-00C04F79EFBC}") = "Build", "build\Build.csproj", "{5A8C0E33-82A8-47EC-851C-B670ACC22920}"
EndProject
Project("{FAE04EC0-301F-11D3-BF4B-00C04F79EFBC}") = "Installer", "install\Installer.csproj", "{EDA2C5FB-E8F1-4783-86A9-B50C906E5A83}"
EndProject
Project("{2150E333-8FDC-42A3-9474-1A3956D46DE8}") = "Revit", "Revit", "{02EA681E-C7D8-13C7-8484-4AC65E1B71E8}"
EndProject
Project("{FAE04EC0-301F-11D3-BF4B-00C04F79EFBC}") = "SIPStudio", "source\SIPStudio\SIPStudio.csproj", "{2B566668-BF21-465F-A82C-865FD93C9D0C}"
EndProject
Project("{FAE04EC0-301F-11D3-BF4B-00C04F79EFBC}") = "SIPStudio.Abstractions", "source\SIPStudio.Abstractions\SIPStudio.Abstractions.csproj", "{523A2E1E-A51B-4B1D-AC5A-AB2A6520A2F6}"
EndProject
Project("{FAE04EC0-301F-11D3-BF4B-00C04F79EFBC}") = "SIPStudio.Common", "source\SIPStudio.Common\SIPStudio.Common.csproj", "{E03114B3-7709-470A-919B-36928CE386BE}"
EndProject
Global
	GlobalSection(SolutionConfigurationPlatforms) = preSolution
		Debug R21|Any CPU = Debug R21|Any CPU
		Debug R22|Any CPU = Debug R22|Any CPU
		Debug R23|Any CPU = Debug R23|Any CPU
		Debug R24|Any CPU = Debug R24|Any CPU
		Debug R25|Any CPU = Debug R25|Any CPU
		Debug R26|Any CPU = Debug R26|Any CPU
		Debug|Any CPU = Debug|Any CPU
		Release R21|Any CPU = Release R21|Any CPU
		Release R22|Any CPU = Release R22|Any CPU
		Release R23|Any CPU = Release R23|Any CPU
		Release R24|Any CPU = Release R24|Any CPU
		Release R25|Any CPU = Release R25|Any CPU
		Release R26|Any CPU = Release R26|Any CPU
		Release|Any CPU = Release|Any CPU
	EndGlobalSection
	GlobalSection(ProjectConfigurationPlatforms) = postSolution
		{5A8C0E33-82A8-47EC-851C-B670ACC22920}.Debug R21|Any CPU.ActiveCfg = Debug|Any CPU
		{5A8C0E33-82A8-47EC-851C-B670ACC22920}.Debug R22|Any CPU.ActiveCfg = Debug|Any CPU
		{5A8C0E33-82A8-47EC-851C-B670ACC22920}.Debug R23|Any CPU.ActiveCfg = Debug|Any CPU
		{5A8C0E33-82A8-47EC-851C-B670ACC22920}.Debug R24|Any CPU.ActiveCfg = Debug|Any CPU
		{5A8C0E33-82A8-47EC-851C-B670ACC22920}.Debug R25|Any CPU.ActiveCfg = Debug|Any CPU
		{5A8C0E33-82A8-47EC-851C-B670ACC22920}.Debug R26|Any CPU.ActiveCfg = Debug|Any CPU
		{5A8C0E33-82A8-47EC-851C-B670ACC22920}.Debug|Any CPU.ActiveCfg = Debug|Any CPU
		{5A8C0E33-82A8-47EC-851C-B670ACC22920}.Release R21|Any CPU.ActiveCfg = Release|Any CPU
		{5A8C0E33-82A8-47EC-851C-B670ACC22920}.Release R22|Any CPU.ActiveCfg = Release|Any CPU
		{5A8C0E33-82A8-47EC-851C-B670ACC22920}.Release R23|Any CPU.ActiveCfg = Release|Any CPU
		{5A8C0E33-82A8-47EC-851C-B670ACC22920}.Release R24|Any CPU.ActiveCfg = Release|Any CPU
		{5A8C0E33-82A8-47EC-851C-B670ACC22920}.Release R25|Any CPU.ActiveCfg = Release|Any CPU
		{5A8C0E33-82A8-47EC-851C-B670ACC22920}.Release R26|Any CPU.ActiveCfg = Release|Any CPU
		{5A8C0E33-82A8-47EC-851C-B670ACC22920}.Release|Any CPU.ActiveCfg = Release|Any CPU
		{EDA2C5FB-E8F1-4783-86A9-B50C906E5A83}.Debug R21|Any CPU.ActiveCfg = Debug|Any CPU
		{EDA2C5FB-E8F1-4783-86A9-B50C906E5A83}.Debug R22|Any CPU.ActiveCfg = Debug|Any CPU
		{EDA2C5FB-E8F1-4783-86A9-B50C906E5A83}.Debug R23|Any CPU.ActiveCfg = Debug|Any CPU
		{EDA2C5FB-E8F1-4783-86A9-B50C906E5A83}.Debug R24|Any CPU.ActiveCfg = Debug|Any CPU
		{EDA2C5FB-E8F1-4783-86A9-B50C906E5A83}.Debug R25|Any CPU.ActiveCfg = Debug|Any CPU
		{EDA2C5FB-E8F1-4783-86A9-B50C906E5A83}.Debug R26|Any CPU.ActiveCfg = Debug|Any CPU
		{EDA2C5FB-E8F1-4783-86A9-B50C906E5A83}.Debug|Any CPU.ActiveCfg = Debug|Any CPU
		{EDA2C5FB-E8F1-4783-86A9-B50C906E5A83}.Release R21|Any CPU.ActiveCfg = Release|Any CPU
		{EDA2C5FB-E8F1-4783-86A9-B50C906E5A83}.Release R22|Any CPU.ActiveCfg = Release|Any CPU
		{EDA2C5FB-E8F1-4783-86A9-B50C906E5A83}.Release R23|Any CPU.ActiveCfg = Release|Any CPU
		{EDA2C5FB-E8F1-4783-86A9-B50C906E5A83}.Release R24|Any CPU.ActiveCfg = Release|Any CPU
		{EDA2C5FB-E8F1-4783-86A9-B50C906E5A83}.Release R25|Any CPU.ActiveCfg = Release|Any CPU
		{EDA2C5FB-E8F1-4783-86A9-B50C906E5A83}.Release R26|Any CPU.ActiveCfg = Release|Any CPU
		{EDA2C5FB-E8F1-4783-86A9-B50C906E5A83}.Release|Any CPU.ActiveCfg = Release|Any CPU
		{2B566668-BF21-465F-A82C-865FD93C9D0C}.Debug R21|Any CPU.ActiveCfg = Debug R21|Any CPU
		{2B566668-BF21-465F-A82C-865FD93C9D0C}.Debug R21|Any CPU.Build.0 = Debug R21|Any CPU
		{2B566668-BF21-465F-A82C-865FD93C9D0C}.Debug R22|Any CPU.ActiveCfg = Debug R22|Any CPU
		{2B566668-BF21-465F-A82C-865FD93C9D0C}.Debug R22|Any CPU.Build.0 = Debug R22|Any CPU
		{2B566668-BF21-465F-A82C-865FD93C9D0C}.Debug R23|Any CPU.ActiveCfg = Debug R23|Any CPU
		{2B566668-BF21-465F-A82C-865FD93C9D0C}.Debug R23|Any CPU.Build.0 = Debug R23|Any CPU
		{2B566668-BF21-465F-A82C-865FD93C9D0C}.Debug R24|Any CPU.ActiveCfg = Debug R24|Any CPU
		{2B566668-BF21-465F-A82C-865FD93C9D0C}.Debug R24|Any CPU.Build.0 = Debug R24|Any CPU
		{2B566668-BF21-465F-A82C-865FD93C9D0C}.Debug R25|Any CPU.ActiveCfg = Debug R25|Any CPU
		{2B566668-BF21-465F-A82C-865FD93C9D0C}.Debug R25|Any CPU.Build.0 = Debug R25|Any CPU
		{2B566668-BF21-465F-A82C-865FD93C9D0C}.Debug R26|Any CPU.ActiveCfg = Debug R26|Any CPU
		{2B566668-BF21-465F-A82C-865FD93C9D0C}.Debug R26|Any CPU.Build.0 = Debug R26|Any CPU
		{2B566668-BF21-465F-A82C-865FD93C9D0C}.Debug|Any CPU.ActiveCfg = Debug R21|Any CPU
		{2B566668-BF21-465F-A82C-865FD93C9D0C}.Debug|Any CPU.Build.0 = Debug R21|Any CPU
		{2B566668-BF21-465F-A82C-865FD93C9D0C}.Release R21|Any CPU.ActiveCfg = Release R21|Any CPU
		{2B566668-BF21-465F-A82C-865FD93C9D0C}.Release R21|Any CPU.Build.0 = Release R21|Any CPU
		{2B566668-BF21-465F-A82C-865FD93C9D0C}.Release R22|Any CPU.ActiveCfg = Release R22|Any CPU
		{2B566668-BF21-465F-A82C-865FD93C9D0C}.Release R22|Any CPU.Build.0 = Release R22|Any CPU
		{2B566668-BF21-465F-A82C-865FD93C9D0C}.Release R23|Any CPU.ActiveCfg = Release R23|Any CPU
		{2B566668-BF21-465F-A82C-865FD93C9D0C}.Release R23|Any CPU.Build.0 = Release R23|Any CPU
		{2B566668-BF21-465F-A82C-865FD93C9D0C}.Release R24|Any CPU.ActiveCfg = Release R24|Any CPU
		{2B566668-BF21-465F-A82C-865FD93C9D0C}.Release R24|Any CPU.Build.0 = Release R24|Any CPU
		{2B566668-BF21-465F-A82C-865FD93C9D0C}.Release R25|Any CPU.ActiveCfg = Release R25|Any CPU
		{2B566668-BF21-465F-A82C-865FD93C9D0C}.Release R25|Any CPU.Build.0 = Release R25|Any CPU
		{2B566668-BF21-465F-A82C-865FD93C9D0C}.Release R26|Any CPU.ActiveCfg = Release R26|Any CPU
		{2B566668-BF21-465F-A82C-865FD93C9D0C}.Release R26|Any CPU.Build.0 = Release R26|Any CPU
		{2B566668-BF21-465F-A82C-865FD93C9D0C}.Release|Any CPU.ActiveCfg = Release R21|Any CPU
		{2B566668-BF21-465F-A82C-865FD93C9D0C}.Release|Any CPU.Build.0 = Release R21|Any CPU
		{523A2E1E-A51B-4B1D-AC5A-AB2A6520A2F6}.Debug R21|Any CPU.ActiveCfg = Debug|Any CPU
		{523A2E1E-A51B-4B1D-AC5A-AB2A6520A2F6}.Debug R21|Any CPU.Build.0 = Debug|Any CPU
		{523A2E1E-A51B-4B1D-AC5A-AB2A6520A2F6}.Debug R22|Any CPU.ActiveCfg = Debug|Any CPU
		{523A2E1E-A51B-4B1D-AC5A-AB2A6520A2F6}.Debug R22|Any CPU.Build.0 = Debug|Any CPU
		{523A2E1E-A51B-4B1D-AC5A-AB2A6520A2F6}.Debug R23|Any CPU.ActiveCfg = Debug|Any CPU
		{523A2E1E-A51B-4B1D-AC5A-AB2A6520A2F6}.Debug R23|Any CPU.Build.0 = Debug|Any CPU
		{523A2E1E-A51B-4B1D-AC5A-AB2A6520A2F6}.Debug R24|Any CPU.ActiveCfg = Debug|Any CPU
		{523A2E1E-A51B-4B1D-AC5A-AB2A6520A2F6}.Debug R24|Any CPU.Build.0 = Debug|Any CPU
		{523A2E1E-A51B-4B1D-AC5A-AB2A6520A2F6}.Debug R25|Any CPU.ActiveCfg = Debug|Any CPU
		{523A2E1E-A51B-4B1D-AC5A-AB2A6520A2F6}.Debug R25|Any CPU.Build.0 = Debug|Any CPU
		{523A2E1E-A51B-4B1D-AC5A-AB2A6520A2F6}.Debug R26|Any CPU.ActiveCfg = Debug|Any CPU
		{523A2E1E-A51B-4B1D-AC5A-AB2A6520A2F6}.Debug R26|Any CPU.Build.0 = Debug|Any CPU
		{523A2E1E-A51B-4B1D-AC5A-AB2A6520A2F6}.Debug|Any CPU.ActiveCfg = Debug|Any CPU
		{523A2E1E-A51B-4B1D-AC5A-AB2A6520A2F6}.Debug|Any CPU.Build.0 = Debug|Any CPU
		{523A2E1E-A51B-4B1D-AC5A-AB2A6520A2F6}.Release R21|Any CPU.ActiveCfg = Release|Any CPU
		{523A2E1E-A51B-4B1D-AC5A-AB2A6520A2F6}.Release R21|Any CPU.Build.0 = Release|Any CPU
		{523A2E1E-A51B-4B1D-AC5A-AB2A6520A2F6}.Release R22|Any CPU.ActiveCfg = Release|Any CPU
		{523A2E1E-A51B-4B1D-AC5A-AB2A6520A2F6}.Release R22|Any CPU.Build.0 = Release|Any CPU
		{523A2E1E-A51B-4B1D-AC5A-AB2A6520A2F6}.Release R23|Any CPU.ActiveCfg = Release|Any CPU
		{523A2E1E-A51B-4B1D-AC5A-AB2A6520A2F6}.Release R23|Any CPU.Build.0 = Release|Any CPU
		{523A2E1E-A51B-4B1D-AC5A-AB2A6520A2F6}.Release R24|Any CPU.ActiveCfg = Release|Any CPU
		{523A2E1E-A51B-4B1D-AC5A-AB2A6520A2F6}.Release R24|Any CPU.Build.0 = Release|Any CPU
		{523A2E1E-A51B-4B1D-AC5A-AB2A6520A2F6}.Release R25|Any CPU.ActiveCfg = Release|Any CPU
		{523A2E1E-A51B-4B1D-AC5A-AB2A6520A2F6}.Release R25|Any CPU.Build.0 = Release|Any CPU
		{523A2E1E-A51B-4B1D-AC5A-AB2A6520A2F6}.Release R26|Any CPU.ActiveCfg = Release|Any CPU
		{523A2E1E-A51B-4B1D-AC5A-AB2A6520A2F6}.Release R26|Any CPU.Build.0 = Release|Any CPU
		{523A2E1E-A51B-4B1D-AC5A-AB2A6520A2F6}.Release|Any CPU.ActiveCfg = Release|Any CPU
		{523A2E1E-A51B-4B1D-AC5A-AB2A6520A2F6}.Release|Any CPU.Build.0 = Release|Any CPU
		{E03114B3-7709-470A-919B-36928CE386BE}.Debug R21|Any CPU.ActiveCfg = Debug|Any CPU
		{E03114B3-7709-470A-919B-36928CE386BE}.Debug R21|Any CPU.Build.0 = Debug|Any CPU
		{E03114B3-7709-470A-919B-36928CE386BE}.Debug R22|Any CPU.ActiveCfg = Debug|Any CPU
		{E03114B3-7709-470A-919B-36928CE386BE}.Debug R22|Any CPU.Build.0 = Debug|Any CPU
		{E03114B3-7709-470A-919B-36928CE386BE}.Debug R23|Any CPU.ActiveCfg = Debug|Any CPU
		{E03114B3-7709-470A-919B-36928CE386BE}.Debug R23|Any CPU.Build.0 = Debug|Any CPU
		{E03114B3-7709-470A-919B-36928CE386BE}.Debug R24|Any CPU.ActiveCfg = Debug|Any CPU
		{E03114B3-7709-470A-919B-36928CE386BE}.Debug R24|Any CPU.Build.0 = Debug|Any CPU
		{E03114B3-7709-470A-919B-36928CE386BE}.Debug R25|Any CPU.ActiveCfg = Debug|Any CPU
		{E03114B3-7709-470A-919B-36928CE386BE}.Debug R25|Any CPU.Build.0 = Debug|Any CPU
		{E03114B3-7709-470A-919B-36928CE386BE}.Debug R26|Any CPU.ActiveCfg = Debug|Any CPU
		{E03114B3-7709-470A-919B-36928CE386BE}.Debug R26|Any CPU.Build.0 = Debug|Any CPU
		{E03114B3-7709-470A-919B-36928CE386BE}.Debug|Any CPU.ActiveCfg = Debug|Any CPU
		{E03114B3-7709-470A-919B-36928CE386BE}.Debug|Any CPU.Build.0 = Debug|Any CPU
		{E03114B3-7709-470A-919B-36928CE386BE}.Release R21|Any CPU.ActiveCfg = Release|Any CPU
		{E03114B3-7709-470A-919B-36928CE386BE}.Release R21|Any CPU.Build.0 = Release|Any CPU
		{E03114B3-7709-470A-919B-36928CE386BE}.Release R22|Any CPU.ActiveCfg = Release|Any CPU
		{E03114B3-7709-470A-919B-36928CE386BE}.Release R22|Any CPU.Build.0 = Release|Any CPU
		{E03114B3-7709-470A-919B-36928CE386BE}.Release R23|Any CPU.ActiveCfg = Release|Any CPU
		{E03114B3-7709-470A-919B-36928CE386BE}.Release R23|Any CPU.Build.0 = Release|Any CPU
		{E03114B3-7709-470A-919B-36928CE386BE}.Release R24|Any CPU.ActiveCfg = Release|Any CPU
		{E03114B3-7709-470A-919B-36928CE386BE}.Release R24|Any CPU.Build.0 = Release|Any CPU
		{E03114B3-7709-470A-919B-36928CE386BE}.Release R25|Any CPU.ActiveCfg = Release|Any CPU
		{E03114B3-7709-470A-919B-36928CE386BE}.Release R25|Any CPU.Build.0 = Release|Any CPU
		{E03114B3-7709-470A-919B-36928CE386BE}.Release R26|Any CPU.ActiveCfg = Release|Any CPU
		{E03114B3-7709-470A-919B-36928CE386BE}.Release R26|Any CPU.Build.0 = Release|Any CPU
		{E03114B3-7709-470A-919B-36928CE386BE}.Release|Any CPU.ActiveCfg = Release|Any CPU
		{E03114B3-7709-470A-919B-36928CE386BE}.Release|Any CPU.Build.0 = Release|Any CPU
	EndGlobalSection
	GlobalSection(SolutionProperties) = preSolution
		HideSolutionNode = FALSE
	EndGlobalSection
	GlobalSection(NestedProjects) = preSolution
		{5A8C0E33-82A8-47EC-851C-B670ACC22920} = {9ADCE8AE-630B-42E5-856D-A43FC68C9DD8}
		{EDA2C5FB-E8F1-4783-86A9-B50C906E5A83} = {9ADCE8AE-630B-42E5-856D-A43FC68C9DD8}
		{2B566668-BF21-465F-A82C-865FD93C9D0C} = {02EA681E-C7D8-13C7-8484-4AC65E1B71E8}
	EndGlobalSection
	GlobalSection(ExtensibilityGlobals) = postSolution
		SolutionGuid = {530BDC70-455F-4F47-A89E-1710D9F9254F}
	EndGlobalSection
EndGlobal
